
Microsoft Visual Studio Solution File, Format Version 12.00
# Visual Studio 15
VisualStudioVersion = 15.0.28307.960
MinimumVisualStudioVersion = 10.0.40219.1
Project("{FAE04EC0-301F-11D3-BF4B-00C04F79EFBC}") = "STSM", "STSM\STSM.csproj", "{F88B0C4C-79F7-453C-8A70-6652894A5162}"
EndProject
Global
	GlobalSection(SolutionConfigurationPlatforms) = preSolution
		Debug|Any CPU = Debug|Any CPU
		Debug|x64 = Debug|x64
		Release|Any CPU = Release|Any CPU
		Release|x64 = Release|x64
	EndGlobalSection
	GlobalSection(ProjectConfigurationPlatforms) = postSolution
		{F88B0C4C-79F7-453C-8A70-6652894A5162}.Debug|Any CPU.ActiveCfg = Debug|Any CPU
		{F88B0C4C-79F7-453C-8A70-6652894A5162}.Debug|Any CPU.Build.0 = Debug|Any CPU
		{F88B0C4C-79F7-453C-8A70-6652894A5162}.Debug|x64.ActiveCfg = Debug|x64
		{F88B0C4C-79F7-453C-8A70-6652894A5162}.Debug|x64.Build.0 = Debug|x64
		{F88B0C4C-79F7-453C-8A70-6652894A5162}.Release|Any CPU.ActiveCfg = Release|Any CPU
		{F88B0C4C-79F7-453C-8A70-6652894A5162}.Release|Any CPU.Build.0 = Release|Any CPU
		{F88B0C4C-79F7-453C-8A70-6652894A5162}.Release|x64.ActiveCfg = Release|x64
		{F88B0C4C-79F7-453C-8A70-6652894A5162}.Release|x64.Build.0 = Release|x64
	EndGlobalSection
	GlobalSection(SolutionProperties) = preSolution
		HideSolutionNode = FALSE
	EndGlobalSection
	GlobalSection(ExtensibilityGlobals) = postSolution
		SolutionGuid = {50C23E25-6739-416F-9AFF-769E44B00E80}
	EndGlobalSection
EndGlobal
